{
  "name": "portal-custom-tile_db",
  "requires": true,
  "lockfileVersion": 1,
  "dependencies": {
    "@sap/hdi-deploy": {
      "version": "3.8.2",
      "resolved": "https://npm.sap.com/@sap/hdi-deploy/-/hdi-deploy-3.8.2.tgz",
      "integrity": "sha512-yOlDvL4h37ZQ79YX7XsJz4WFn9lITNzyzQjG3AJG4Uf3F8MeZEKc/yFutx7nIJH08Eodcd2za2Jlmt2iZArZwA==",
      "requires": {
        "@sap/hana-client": "2.3.123",
        "@sap/hdi": "2.1.2",
        "@sap/xsenv": "1.2.9",
        "async": "2.6.1",
        "handlebars": "4.0.10"
      },
      "dependencies": {
        "@sap/hana-client": {
          "version": "2.3.123",
          "resolved": "https://npm.sap.com/@sap/hana-client/-/hana-client-2.3.123.tgz",
          "integrity": "sha512-WM0T+cPT+nvFmPgpFCcxxUdLeDkJfAVahq7kDGft26KC2aDpQ1RK3I71dA9U86jF1tZxMwRd4imhG83SkY5Mjg==",
          "requires": {
            "debug": "3.1.0"
          },
          "dependencies": {
            "debug": {
              "version": "3.1.0",
              "resolved": "https://registry.npmjs.org/debug/-/debug-3.1.0.tgz",
              "integrity": "sha512-OX8XqP7/1a9cqkxYw2yXss15f26NKWBpDXQd0/uK/KPqdQhxbPa994hnzjcE2VqQpDslf55723cKPUOGSmMY3g==",
              "requires": {
                "ms": "2.0.0"
              }
            },
            "ms": {
              "version": "2.0.0",
              "resolved": "https://registry.npmjs.org/ms/-/ms-2.0.0.tgz",
              "integrity": "sha1-VgiurfwAvmwpAd9fmGF4jeDVl8g="
            }
          }
        },
        "@sap/hdi": {
          "version": "2.1.2",
          "resolved": "https://npm.sap.com/@sap/hdi/-/hdi-2.1.2.tgz",
          "integrity": "sha512-DvOGZX9eHqrcHxpWIZ3AbW7oN0SuelJJ7dD7R8sUiDG0JpaFhEXhRw/YyylkVSa2mFwk5LDovwFOC+nhjTG3qA==",
          "requires": {
            "@sap/hana-client": "2.3.123",
            "async": "2.6.1"
          }
        },
        "@sap/xsenv": {
          "version": "1.2.9",
          "resolved": "https://npm.sap.com/@sap/xsenv/-/xsenv-1.2.9.tgz",
          "integrity": "sha1-IMflMuIafikYske0ih0PQo8zrpQ=",
          "requires": {
            "debug": "3.1.0",
            "verror": "1.10.0"
          },
          "dependencies": {
            "debug": {
              "version": "3.1.0",
              "resolved": "https://registry.npmjs.org/debug/-/debug-3.1.0.tgz",
              "integrity": "sha512-OX8XqP7/1a9cqkxYw2yXss15f26NKWBpDXQd0/uK/KPqdQhxbPa994hnzjcE2VqQpDslf55723cKPUOGSmMY3g==",
              "requires": {
                "ms": "2.0.0"
              }
            },
            "ms": {
              "version": "2.0.0",
              "resolved": "https://registry.npmjs.org/ms/-/ms-2.0.0.tgz",
              "integrity": "sha1-VgiurfwAvmwpAd9fmGF4jeDVl8g="
            }
          }
        },
        "align-text": {
          "version": "0.1.4",
          "resolved": "https://registry.npmjs.org/align-text/-/align-text-0.1.4.tgz",
          "integrity": "sha1-DNkKVhCT810KmSVsIrcGlDP60Rc=",
          "optional": true,
          "requires": {
            "kind-of": "^3.0.2",
            "longest": "^1.0.1",
            "repeat-string": "^1.5.2"
          }
        },
        "amdefine": {
          "version": "1.0.1",
          "resolved": "https://registry.npmjs.org/amdefine/-/amdefine-1.0.1.tgz",
          "integrity": "sha1-SlKCrBZHKek2Gbz9OtFR+BfOkfU="
        },
        "assert-plus": {
          "version": "1.0.0",
          "resolved": "https://registry.npmjs.org/assert-plus/-/assert-plus-1.0.0.tgz",
          "integrity": "sha1-8S4PPF13sLHN2RRpQuTpbB5N1SU="
        },
        "async": {
          "version": "2.6.1",
          "resolved": "https://registry.npmjs.org/async/-/async-2.6.1.tgz",
          "integrity": "sha512-fNEiL2+AZt6AlAw/29Cr0UDe4sRAHCpEHh54WMz+Bb7QfNcFw4h3loofyJpLeQs4Yx7yuqu/2dLgM5hKOs6HlQ==",
          "requires": {
            "lodash": "^4.17.10"
          }
        },
        "camelcase": {
          "version": "1.2.1",
          "resolved": "https://registry.npmjs.org/camelcase/-/camelcase-1.2.1.tgz",
          "integrity": "sha1-m7UwTS4LVmmLLHWLCKPqqdqlijk=",
          "optional": true
        },
        "center-align": {
          "version": "0.1.3",
          "resolved": "https://registry.npmjs.org/center-align/-/center-align-0.1.3.tgz",
          "integrity": "sha1-qg0yYptu6XIgBBHL1EYckHvCt60=",
          "optional": true,
          "requires": {
            "align-text": "^0.1.3",
            "lazy-cache": "^1.0.3"
          }
        },
        "cliui": {
          "version": "2.1.0",
          "resolved": "https://registry.npmjs.org/cliui/-/cliui-2.1.0.tgz",
          "integrity": "sha1-S0dXYP+AJkx2LDoXGQMukcf+oNE=",
          "optional": true,
          "requires": {
            "center-align": "^0.1.1",
            "right-align": "^0.1.1",
            "wordwrap": "0.0.2"
          },
          "dependencies": {
            "wordwrap": {
              "version": "0.0.2",
              "resolved": "https://registry.npmjs.org/wordwrap/-/wordwrap-0.0.2.tgz",
              "integrity": "sha1-t5Zpu0LstAn4PVg8rVLKF+qhZD8=",
              "optional": true
            }
          }
        },
        "core-util-is": {
          "version": "1.0.2",
          "resolved": "https://registry.npmjs.org/core-util-is/-/core-util-is-1.0.2.tgz",
          "integrity": "sha1-tf1UIgqivFq1eqtxQMlAdUUDwac="
        },
        "decamelize": {
          "version": "1.2.0",
          "resolved": "https://registry.npmjs.org/decamelize/-/decamelize-1.2.0.tgz",
          "integrity": "sha1-9lNNFRSCabIDUue+4m9QH5oZEpA=",
          "optional": true
        },
        "extsprintf": {
          "version": "1.4.0",
          "resolved": "https://registry.npmjs.org/extsprintf/-/extsprintf-1.4.0.tgz",
          "integrity": "sha1-4mifjzVvrWLMplo6kcXfX5VRaS8="
        },
        "handlebars": {
          "version": "4.0.10",
          "resolved": "https://registry.npmjs.org/handlebars/-/handlebars-4.0.10.tgz",
          "integrity": "sha1-PTDHGLCaPZbyPqTMH0A8TTup/08=",
          "requires": {
            "async": "^1.4.0",
            "optimist": "^0.6.1",
            "source-map": "^0.4.4",
            "uglify-js": "^2.6"
          },
          "dependencies": {
            "async": {
              "version": "1.5.2",
              "resolved": "https://registry.npmjs.org/async/-/async-1.5.2.tgz",
              "integrity": "sha1-7GphrlZIDAw8skHJVhjiCJL5Zyo="
            }
          }
        },
        "is-buffer": {
          "version": "1.1.6",
          "resolved": "https://registry.npmjs.org/is-buffer/-/is-buffer-1.1.6.tgz",
          "integrity": "sha512-NcdALwpXkTm5Zvvbk7owOUSvVvBKDgKP5/ewfXEznmQFfs4ZRmanOeKBTjRVjka3QFoN6XJ+9F3USqfHqTaU5w==",
          "optional": true
        },
        "kind-of": {
          "version": "3.2.2",
          "resolved": "https://registry.npmjs.org/kind-of/-/kind-of-3.2.2.tgz",
          "integrity": "sha1-MeohpzS6ubuw8yRm2JOupR5KPGQ=",
          "optional": true,
          "requires": {
            "is-buffer": "^1.1.5"
          }
        },
        "lazy-cache": {
          "version": "1.0.4",
          "resolved": "https://registry.npmjs.org/lazy-cache/-/lazy-cache-1.0.4.tgz",
          "integrity": "sha1-odePw6UEdMuAhF07O24dpJpEbo4=",
          "optional": true
        },
        "lodash": {
          "version": "4.17.11",
          "resolved": "https://registry.npmjs.org/lodash/-/lodash-4.17.11.tgz",
          "integrity": "sha512-cQKh8igo5QUhZ7lg38DYWAxMvjSAKG0A8wGSVimP07SIUEK2UO+arSRKbRZWtelMtN5V0Hkwh5ryOto/SshYIg=="
        },
        "longest": {
          "version": "1.0.1",
          "resolved": "https://registry.npmjs.org/longest/-/longest-1.0.1.tgz",
          "integrity": "sha1-MKCy2jj3N3DoKUoNIuZiXtd9AJc=",
          "optional": true
        },
        "minimist": {
          "version": "0.0.10",
          "resolved": "https://registry.npmjs.org/minimist/-/minimist-0.0.10.tgz",
          "integrity": "sha1-3j+YVD2/lggr5IrRoMfNqDYwHc8="
        },
        "optimist": {
          "version": "0.6.1",
          "resolved": "https://registry.npmjs.org/optimist/-/optimist-0.6.1.tgz",
          "integrity": "sha1-2j6nRob6IaGaERwybpDrFaAZZoY=",
          "requires": {
            "minimist": "~0.0.1",
            "wordwrap": "~0.0.2"
          }
        },
        "repeat-string": {
          "version": "1.6.1",
          "resolved": "https://registry.npmjs.org/repeat-string/-/repeat-string-1.6.1.tgz",
          "integrity": "sha1-jcrkcOHIirwtYA//Sndihtp15jc=",
          "optional": true
        },
        "right-align": {
          "version": "0.1.3",
          "resolved": "https://registry.npmjs.org/right-align/-/right-align-0.1.3.tgz",
          "integrity": "sha1-YTObci/mo1FWiSENJOFMlhSGE+8=",
          "optional": true,
          "requires": {
            "align-text": "^0.1.1"
          }
        },
        "source-map": {
          "version": "0.4.4",
          "resolved": "https://registry.npmjs.org/source-map/-/source-map-0.4.4.tgz",
          "integrity": "sha1-66T12pwNyZneaAMti092FzZSA2s=",
          "requires": {
            "amdefine": ">=0.0.4"
          }
        },
        "uglify-js": {
          "version": "2.8.29",
          "resolved": "https://registry.npmjs.org/uglify-js/-/uglify-js-2.8.29.tgz",
          "integrity": "sha1-KcVzMUgFe7Th913zW3qcty5qWd0=",
          "optional": true,
          "requires": {
            "source-map": "~0.5.1",
            "uglify-to-browserify": "~1.0.0",
            "yargs": "~3.10.0"
          },
          "dependencies": {
            "source-map": {
              "version": "0.5.7",
              "resolved": "https://registry.npmjs.org/source-map/-/source-map-0.5.7.tgz",
              "integrity": "sha1-igOdLRAh0i0eoUyA2OpGi6LvP8w=",
              "optional": true
            }
          }
        },
        "uglify-to-browserify": {
          "version": "1.0.2",
          "resolved": "https://registry.npmjs.org/uglify-to-browserify/-/uglify-to-browserify-1.0.2.tgz",
          "integrity": "sha1-bgkk1r2mta/jSeOabWMoUKD4grc=",
          "optional": true
        },
        "verror": {
          "version": "1.10.0",
          "resolved": "https://registry.npmjs.org/verror/-/verror-1.10.0.tgz",
          "integrity": "sha1-OhBcoXBTr1XW4nDB+CiGguGNpAA=",
          "requires": {
            "assert-plus": "^1.0.0",
            "core-util-is": "1.0.2",
            "extsprintf": "^1.2.0"
          }
        },
        "window-size": {
          "version": "0.1.0",
          "resolved": "https://registry.npmjs.org/window-size/-/window-size-0.1.0.tgz",
          "integrity": "sha1-VDjNLqk7IC76Ohn+iIeu58lPnJ0=",
          "optional": true
        },
        "wordwrap": {
          "version": "0.0.3",
          "resolved": "https://registry.npmjs.org/wordwrap/-/wordwrap-0.0.3.tgz",
          "integrity": "sha1-o9XabNXAvAAI03I0u68b7WMFkQc="
        },
        "yargs": {
          "version": "3.10.0",
          "resolved": "https://registry.npmjs.org/yargs/-/yargs-3.10.0.tgz",
          "integrity": "sha1-9+572FfdfB0tOMDnTvvWgdFDH9E=",
          "optional": true,
          "requires": {
            "camelcase": "^1.0.2",
            "cliui": "^2.1.0",
            "decamelize": "^1.0.0",
            "window-size": "0.1.0"
          }
        }
      }
    }
  }
}
